
Microsoft Visual Studio Solution File, Format Version 12.00
# Visual Studio Version 16
VisualStudioVersion = 16.0.30011.22
MinimumVisualStudioVersion = 10.0.40219.1
Project("{FAE04EC0-301F-11D3-BF4B-00C04F79EFBC}") = "DataOrdo", "DataOrdo\DataOrdo.csproj", "{7B4D3288-708C-4627-A027-702C336B9C26}"
EndProject
Global
	GlobalSection(SolutionConfigurationPlatforms) = preSolution
		Debug|Any CPU = Debug|Any CPU
		Release|Any CPU = Release|Any CPU
	EndGlobalSection
	GlobalSection(ProjectConfigurationPlatforms) = postSolution
		{7B4D3288-708C-4627-A027-702C336B9C26}.Debug|Any CPU.ActiveCfg = Debug|Any CPU
		{7B4D3288-708C-4627-A027-702C336B9C26}.Debug|Any CPU.Build.0 = Debug|Any CPU
		{7B4D3288-708C-4627-A027-702C336B9C26}.Release|Any CPU.ActiveCfg = Release|Any CPU
		{7B4D3288-708C-4627-A027-702C336B9C26}.Release|Any CPU.Build.0 = Release|Any CPU
	EndGlobalSection
	GlobalSection(SolutionProperties) = preSolution
		HideSolutionNode = FALSE
	EndGlobalSection
	GlobalSection(ExtensibilityGlobals) = postSolution
		SolutionGuid = {2A116B48-B726-49CA-8D78-D90E3865DA30}
	EndGlobalSection
EndGlobal
